
Microsoft Visual Studio Solution File, Format Version 12.00
# Visual Studio Version 17
VisualStudioVersion = 17.13.35931.197
MinimumVisualStudioVersion = 10.0.40219.1
Project("{FAE04EC0-301F-11D3-BF4B-00C04F79EFBC}") = "List collection in c#", "List collection in c#\List collection in c#.csproj", "{80DD3146-80F3-4B72-87CA-717CA010776A}"
EndProject
Project("{FAE04EC0-301F-11D3-BF4B-00C04F79EFBC}") = "Dictionary In C#", "Dictionary In C#\Dictionary In C#.csproj", "{E3925B4F-80CA-49BC-BF6C-AF18EFC703F4}"
EndProject
Project("{FAE04EC0-301F-11D3-BF4B-00C04F79EFBC}") = "Queue In C#", "Queue In C#\Queue In C#.csproj", "{CE298D2B-3604-4D7B-9D31-17F29C4AB6DA}"
EndProject
Global
	GlobalSection(SolutionConfigurationPlatforms) = preSolution
		Debug|Any CPU = Debug|Any CPU
		Release|Any CPU = Release|Any CPU
	EndGlobalSection
	GlobalSection(ProjectConfigurationPlatforms) = postSolution
		{80DD3146-80F3-4B72-87CA-717CA010776A}.Debug|Any CPU.ActiveCfg = Debug|Any CPU
		{80DD3146-80F3-4B72-87CA-717CA010776A}.Debug|Any CPU.Build.0 = Debug|Any CPU
		{80DD3146-80F3-4B72-87CA-717CA010776A}.Release|Any CPU.ActiveCfg = Release|Any CPU
		{80DD3146-80F3-4B72-87CA-717CA010776A}.Release|Any CPU.Build.0 = Release|Any CPU
		{E3925B4F-80CA-49BC-BF6C-AF18EFC703F4}.Debug|Any CPU.ActiveCfg = Debug|Any CPU
		{E3925B4F-80CA-49BC-BF6C-AF18EFC703F4}.Debug|Any CPU.Build.0 = Debug|Any CPU
		{E3925B4F-80CA-49BC-BF6C-AF18EFC703F4}.Release|Any CPU.ActiveCfg = Release|Any CPU
		{E3925B4F-80CA-49BC-BF6C-AF18EFC703F4}.Release|Any CPU.Build.0 = Release|Any CPU
		{CE298D2B-3604-4D7B-9D31-17F29C4AB6DA}.Debug|Any CPU.ActiveCfg = Debug|Any CPU
		{CE298D2B-3604-4D7B-9D31-17F29C4AB6DA}.Debug|Any CPU.Build.0 = Debug|Any CPU
		{CE298D2B-3604-4D7B-9D31-17F29C4AB6DA}.Release|Any CPU.ActiveCfg = Release|Any CPU
		{CE298D2B-3604-4D7B-9D31-17F29C4AB6DA}.Release|Any CPU.Build.0 = Release|Any CPU
	EndGlobalSection
	GlobalSection(SolutionProperties) = preSolution
		HideSolutionNode = FALSE
	EndGlobalSection
	GlobalSection(ExtensibilityGlobals) = postSolution
		SolutionGuid = {B8234A6F-9640-4CD8-9672-B21CB1E3E0B6}
	EndGlobalSection
EndGlobal
